
Microsoft Visual Studio Solution File, Format Version 12.00
# Visual Studio Version 17
VisualStudioVersion = 17.10.34916.146
MinimumVisualStudioVersion = 10.0.40219.1
Project("{9A19103F-16F7-4668-BE54-9A1E7A4F7556}") = "ExampleGame.Game", "ExampleGame.Game\ExampleGame.Game.csproj", "{59BF5EFE-BC8F-4DFC-9EFB-5F7127A9BB41}"
EndProject
Project("{9A19103F-16F7-4668-BE54-9A1E7A4F7556}") = "ExampleGame.Editor", "ExampleGame.Editor\ExampleGame.Editor.csproj", "{6A211C0B-EF5D-44EA-8E2E-9C7B7754903B}"
EndProject
Global
	GlobalSection(SolutionConfigurationPlatforms) = preSolution
		Debug|Any CPU = Debug|Any CPU
		Release|Any CPU = Release|Any CPU
	EndGlobalSection
	GlobalSection(ProjectConfigurationPlatforms) = postSolution
		{59BF5EFE-BC8F-4DFC-9EFB-5F7127A9BB41}.Debug|Any CPU.ActiveCfg = Debug|Any CPU
		{59BF5EFE-BC8F-4DFC-9EFB-5F7127A9BB41}.Debug|Any CPU.Build.0 = Debug|Any CPU
		{59BF5EFE-BC8F-4DFC-9EFB-5F7127A9BB41}.Release|Any CPU.ActiveCfg = Release|Any CPU
		{59BF5EFE-BC8F-4DFC-9EFB-5F7127A9BB41}.Release|Any CPU.Build.0 = Release|Any CPU
		{6A211C0B-EF5D-44EA-8E2E-9C7B7754903B}.Debug|Any CPU.ActiveCfg = Debug|Any CPU
		{6A211C0B-EF5D-44EA-8E2E-9C7B7754903B}.Debug|Any CPU.Build.0 = Debug|Any CPU
		{6A211C0B-EF5D-44EA-8E2E-9C7B7754903B}.Release|Any CPU.ActiveCfg = Release|Any CPU
		{6A211C0B-EF5D-44EA-8E2E-9C7B7754903B}.Release|Any CPU.Build.0 = Release|Any CPU
	EndGlobalSection
	GlobalSection(SolutionProperties) = preSolution
		HideSolutionNode = FALSE
	EndGlobalSection
	GlobalSection(ExtensibilityGlobals) = postSolution
		SolutionGuid = {5AAA47CB-9FF5-41E0-8200-63E1EA6E55B6}
	EndGlobalSection
EndGlobal
